
Microsoft Visual Studio Solution File, Format Version 12.00
# Visual Studio 2012
Project("{FAE04EC0-301F-11D3-BF4B-00C04F79EFBC}") = "GenerateText", "GenerateText\GenerateText.csproj", "{128D72D3-9D8B-45B7-B9D2-7029798CF2E8}"
EndProject
Project("{FAE04EC0-301F-11D3-BF4B-00C04F79EFBC}") = "GenerateText.Tests", "GenerateText.Tests\GenerateText.Tests.csproj", "{48D921A9-E506-4581-BBBB-16B186C2DA53}"
EndProject
Global
	GlobalSection(SolutionConfigurationPlatforms) = preSolution
		Debug|Any CPU = Debug|Any CPU
		Release|Any CPU = Release|Any CPU
	EndGlobalSection
	GlobalSection(ProjectConfigurationPlatforms) = postSolution
		{128D72D3-9D8B-45B7-B9D2-7029798CF2E8}.Debug|Any CPU.ActiveCfg = Debug|Any CPU
		{128D72D3-9D8B-45B7-B9D2-7029798CF2E8}.Debug|Any CPU.Build.0 = Debug|Any CPU
		{128D72D3-9D8B-45B7-B9D2-7029798CF2E8}.Release|Any CPU.ActiveCfg = Release|Any CPU
		{128D72D3-9D8B-45B7-B9D2-7029798CF2E8}.Release|Any CPU.Build.0 = Release|Any CPU
		{48D921A9-E506-4581-BBBB-16B186C2DA53}.Debug|Any CPU.ActiveCfg = Debug|Any CPU
		{48D921A9-E506-4581-BBBB-16B186C2DA53}.Debug|Any CPU.Build.0 = Debug|Any CPU
		{48D921A9-E506-4581-BBBB-16B186C2DA53}.Release|Any CPU.ActiveCfg = Release|Any CPU
		{48D921A9-E506-4581-BBBB-16B186C2DA53}.Release|Any CPU.Build.0 = Release|Any CPU
	EndGlobalSection
	GlobalSection(SolutionProperties) = preSolution
		HideSolutionNode = FALSE
	EndGlobalSection
EndGlobal
